
Microsoft Visual Studio Solution File, Format Version 12.00
# Visual Studio Version 17
VisualStudioVersion = 17.11.35327.3
MinimumVisualStudioVersion = 10.0.40219.1
Project("{FAE04EC0-301F-11D3-BF4B-00C04F79EFBC}") = "WeeklyOfMonthDateRange", "WeeklyOfMonthDateRange\WeeklyOfMonthDateRange.csproj", "{A58BFC69-228C-40E3-B417-3A7D7D75A463}"
EndProject
Global
	GlobalSection(SolutionConfigurationPlatforms) = preSolution
		Debug|Any CPU = Debug|Any CPU
		Release|Any CPU = Release|Any CPU
	EndGlobalSection
	GlobalSection(ProjectConfigurationPlatforms) = postSolution
		{A58BFC69-228C-40E3-B417-3A7D7D75A463}.Debug|Any CPU.ActiveCfg = Debug|Any CPU
		{A58BFC69-228C-40E3-B417-3A7D7D75A463}.Debug|Any CPU.Build.0 = Debug|Any CPU
		{A58BFC69-228C-40E3-B417-3A7D7D75A463}.Release|Any CPU.ActiveCfg = Release|Any CPU
		{A58BFC69-228C-40E3-B417-3A7D7D75A463}.Release|Any CPU.Build.0 = Release|Any CPU
	EndGlobalSection
	GlobalSection(SolutionProperties) = preSolution
		HideSolutionNode = FALSE
	EndGlobalSection
	GlobalSection(ExtensibilityGlobals) = postSolution
		SolutionGuid = {F6BDDD08-772D-4AAE-81FB-A36FC9B170E9}
	EndGlobalSection
EndGlobal
